Microsoft Visual Studio Solution File, Format Version 12.00
# Visual Studio 15
VisualStudioVersion = 15.0.27428.2015
MinimumVisualStudioVersion = 10.0.40219.1
Project("{FAE04EC0-301F-11D3-BF4B-00C04F79EFBC}") = "PcapMaster", "PcapMaster\PcapMaster.csproj", "{E1D7ED3E-EF1F-4A14-BABD-F594AE0F0D4B}"
EndProject
Project("{FAE04EC0-301F-11D3-BF4B-00C04F79EFBC}") = "PcapParser.Test", "PcapParser.Test\PcapParser.Test.csproj", "{0273DA5B-FE7F-4F91-9100-B0ABDB479544}"
EndProject
Project("{9A19103F-16F7-4668-BE54-9A1E7A4F7556}") = "PcapParser", "PcapParser\PcapParser\PcapParser.csproj", "{FC9C87FA-3027-47AA-8EE8-143B856E6791}"
EndProject
Global
	GlobalSection(SolutionConfigurationPlatforms) = preSolution
		Debug|Any CPU = Debug|Any CPU
		Debug|ARM = Debug|ARM
		Debug|ARM64 = Debug|ARM64
		Debug|x64 = Debug|x64
		Debug|x86 = Debug|x86
		Release|Any CPU = Release|Any CPU
		Release|ARM = Release|ARM
		Release|ARM64 = Release|ARM64
		Release|x64 = Release|x64
		Release|x86 = Release|x86
	EndGlobalSection
	GlobalSection(ProjectConfigurationPlatforms) = postSolution
		{E1D7ED3E-EF1F-4A14-BABD-F594AE0F0D4B}.Debug|Any CPU.ActiveCfg = Debug|Any CPU
		{E1D7ED3E-EF1F-4A14-BABD-F594AE0F0D4B}.Debug|Any CPU.Build.0 = Debug|Any CPU
		{E1D7ED3E-EF1F-4A14-BABD-F594AE0F0D4B}.Debug|ARM.ActiveCfg = Debug|Any CPU
		{E1D7ED3E-EF1F-4A14-BABD-F594AE0F0D4B}.Debug|ARM.Build.0 = Debug|Any CPU
		{E1D7ED3E-EF1F-4A14-BABD-F594AE0F0D4B}.Debug|ARM64.ActiveCfg = Debug|Any CPU
		{E1D7ED3E-EF1F-4A14-BABD-F594AE0F0D4B}.Debug|ARM64.Build.0 = Debug|Any CPU
		{E1D7ED3E-EF1F-4A14-BABD-F594AE0F0D4B}.Debug|x64.ActiveCfg = Debug|Any CPU
		{E1D7ED3E-EF1F-4A14-BABD-F594AE0F0D4B}.Debug|x64.Build.0 = Debug|Any CPU
		{E1D7ED3E-EF1F-4A14-BABD-F594AE0F0D4B}.Debug|x86.ActiveCfg = Debug|Any CPU
		{E1D7ED3E-EF1F-4A14-BABD-F594AE0F0D4B}.Debug|x86.Build.0 = Debug|Any CPU
		{E1D7ED3E-EF1F-4A14-BABD-F594AE0F0D4B}.Release|Any CPU.ActiveCfg = Release|Any CPU
		{E1D7ED3E-EF1F-4A14-BABD-F594AE0F0D4B}.Release|Any CPU.Build.0 = Release|Any CPU
		{E1D7ED3E-EF1F-4A14-BABD-F594AE0F0D4B}.Release|ARM.ActiveCfg = Release|Any CPU
		{E1D7ED3E-EF1F-4A14-BABD-F594AE0F0D4B}.Release|ARM.Build.0 = Release|Any CPU
		{E1D7ED3E-EF1F-4A14-BABD-F594AE0F0D4B}.Release|ARM64.ActiveCfg = Release|Any CPU
		{E1D7ED3E-EF1F-4A14-BABD-F594AE0F0D4B}.Release|ARM64.Build.0 = Release|Any CPU
		{E1D7ED3E-EF1F-4A14-BABD-F594AE0F0D4B}.Release|x64.ActiveCfg = Release|Any CPU
		{E1D7ED3E-EF1F-4A14-BABD-F594AE0F0D4B}.Release|x64.Build.0 = Release|Any CPU
		{E1D7ED3E-EF1F-4A14-BABD-F594AE0F0D4B}.Release|x86.ActiveCfg = Release|Any CPU
		{E1D7ED3E-EF1F-4A14-BABD-F594AE0F0D4B}.Release|x86.Build.0 = Release|Any CPU
		{0273DA5B-FE7F-4F91-9100-B0ABDB479544}.Debug|Any CPU.ActiveCfg = Debug|Any CPU
		{0273DA5B-FE7F-4F91-9100-B0ABDB479544}.Debug|Any CPU.Build.0 = Debug|Any CPU
		{0273DA5B-FE7F-4F91-9100-B0ABDB479544}.Debug|ARM.ActiveCfg = Debug|Any CPU
		{0273DA5B-FE7F-4F91-9100-B0ABDB479544}.Debug|ARM.Build.0 = Debug|Any CPU
		{0273DA5B-FE7F-4F91-9100-B0ABDB479544}.Debug|ARM64.ActiveCfg = Debug|Any CPU
		{0273DA5B-FE7F-4F91-9100-B0ABDB479544}.Debug|ARM64.Build.0 = Debug|Any CPU
		{0273DA5B-FE7F-4F91-9100-B0ABDB479544}.Debug|x64.ActiveCfg = Debug|Any CPU
		{0273DA5B-FE7F-4F91-9100-B0ABDB479544}.Debug|x64.Build.0 = Debug|Any CPU
		{0273DA5B-FE7F-4F91-9100-B0ABDB479544}.Debug|x86.ActiveCfg = Debug|Any CPU
		{0273DA5B-FE7F-4F91-9100-B0ABDB479544}.Debug|x86.Build.0 = Debug|Any CPU
		{0273DA5B-FE7F-4F91-9100-B0ABDB479544}.Release|Any CPU.ActiveCfg = Release|Any CPU
		{0273DA5B-FE7F-4F91-9100-B0ABDB479544}.Release|Any CPU.Build.0 = Release|Any CPU
		{0273DA5B-FE7F-4F91-9100-B0ABDB479544}.Release|ARM.ActiveCfg = Release|Any CPU
		{0273DA5B-FE7F-4F91-9100-B0ABDB479544}.Release|ARM.Build.0 = Release|Any CPU
		{0273DA5B-FE7F-4F91-9100-B0ABDB479544}.Release|ARM64.ActiveCfg = Release|Any CPU
		{0273DA5B-FE7F-4F91-9100-B0ABDB479544}.Release|ARM64.Build.0 = Release|Any CPU
		{0273DA5B-FE7F-4F91-9100-B0ABDB479544}.Release|x64.ActiveCfg = Release|Any CPU
		{0273DA5B-FE7F-4F91-9100-B0ABDB479544}.Release|x64.Build.0 = Release|Any CPU
		{0273DA5B-FE7F-4F91-9100-B0ABDB479544}.Release|x86.ActiveCfg = Release|Any CPU
		{0273DA5B-FE7F-4F91-9100-B0ABDB479544}.Release|x86.Build.0 = Release|Any CPU
		{FC9C87FA-3027-47AA-8EE8-143B856E6791}.Debug|Any CPU.ActiveCfg = Debug|Any CPU
		{FC9C87FA-3027-47AA-8EE8-143B856E6791}.Debug|Any CPU.Build.0 = Debug|Any CPU
		{FC9C87FA-3027-47AA-8EE8-143B856E6791}.Debug|ARM.ActiveCfg = Debug|Any CPU
		{FC9C87FA-3027-47AA-8EE8-143B856E6791}.Debug|ARM.Build.0 = Debug|Any CPU
		{FC9C87FA-3027-47AA-8EE8-143B856E6791}.Debug|ARM64.ActiveCfg = Debug|Any CPU
		{FC9C87FA-3027-47AA-8EE8-143B856E6791}.Debug|ARM64.Build.0 = Debug|Any CPU
		{FC9C87FA-3027-47AA-8EE8-143B856E6791}.Debug|x64.ActiveCfg = Debug|Any CPU
		{FC9C87FA-3027-47AA-8EE8-143B856E6791}.Debug|x64.Build.0 = Debug|Any CPU
		{FC9C87FA-3027-47AA-8EE8-143B856E6791}.Debug|x86.ActiveCfg = Debug|Any CPU
		{FC9C87FA-3027-47AA-8EE8-143B856E6791}.Debug|x86.Build.0 = Debug|Any CPU
		{FC9C87FA-3027-47AA-8EE8-143B856E6791}.Release|Any CPU.ActiveCfg = Release|Any CPU
		{FC9C87FA-3027-47AA-8EE8-143B856E6791}.Release|Any CPU.Build.0 = Release|Any CPU
		{FC9C87FA-3027-47AA-8EE8-143B856E6791}.Release|ARM.ActiveCfg = Release|Any CPU
		{FC9C87FA-3027-47AA-8EE8-143B856E6791}.Release|ARM.Build.0 = Release|Any CPU
		{FC9C87FA-3027-47AA-8EE8-143B856E6791}.Release|ARM64.ActiveCfg = Release|Any CPU
		{FC9C87FA-3027-47AA-8EE8-143B856E6791}.Release|ARM64.Build.0 = Release|Any CPU
		{FC9C87FA-3027-47AA-8EE8-143B856E6791}.Release|x64.ActiveCfg = Release|Any CPU
		{FC9C87FA-3027-47AA-8EE8-143B856E6791}.Release|x64.Build.0 = Release|Any CPU
		{FC9C87FA-3027-47AA-8EE8-143B856E6791}.Release|x86.ActiveCfg = Release|Any CPU
		{FC9C87FA-3027-47AA-8EE8-143B856E6791}.Release|x86.Build.0 = Release|Any CPU
	EndGlobalSection
	GlobalSection(SolutionProperties) = preSolution
		HideSolutionNode = FALSE
	EndGlobalSection
	GlobalSection(ExtensibilityGlobals) = postSolution
		SolutionGuid = {EECCD08E-E6A8-45C7-A81B-8FC74A804E86}
	EndGlobalSection
EndGlobal
